<?xml version="1.0" encoding="utf-8"?>
<Project ToolsVersion="4.0" xmlns="http://schemas.microsoft.com/developer/msbuild/2003">
  <ItemGroup>
    <Filter Include="Source Files">
      <UniqueIdentifier>{4FC737F1-C7A5-4376-A066-2A32D752A2FF}</UniqueIdentifier>
      <Extensions>cpp;c;cc;cxx;def;odl;idl;hpj;bat;asm;asmx</Extensions>
    </Filter>
    <Filter Include="Header Files">
      <UniqueIdentifier>{93995380-89BD-4b04-88EB-625FBE52EBFB}</UniqueIdentifier>
      <Extensions>h;hh;hpp;hxx;hm;inl;inc;xsd</Extensions>
    </Filter>
    <Filter Include="Resource Files">
      <UniqueIdentifier>{67DA6AB6-F800-4c08-8B7A-83BB121AAD01}</UniqueIdentifier>
      <Extensions>rc;ico;cur;bmp;dlg;rc2;rct;bin;rgs;gif;jpg;jpeg;jpe;resx;tiff;tif;png;wav;mfcribbon-ms</Extensions>
    </Filter>
  </ItemGroup>
  <ItemGroup>
    <ClCompile Include="maxDoubleSlice.cpp">
      <Filter>Source Files</Filter>
    </ClCompile>
    <ClCompile Include="maxSlice.cpp">
      <Filter>Source Files</Filter>
    </ClCompile>
    <ClCompile Include="peaks.cpp">
      <Filter>Source Files</Filter>
    </ClCompile>
    <ClCompile Include="flags.cpp">
      <Filter>Source Files</Filter>
    </ClCompile>
    <ClCompile Include="semiPrime.cpp">
      <Filter>Source Files</Filter>
    </ClCompile>
    <ClCompile Include="arrayRotate.cpp">
      <Filter>Source Files</Filter>
    </ClCompile>
    <ClCompile Include="countNonDivisible.cpp">
      <Filter>Source Files</Filter>
    </ClCompile>
    <ClCompile Include="ladder.cpp">
      <Filter>Source Files</Filter>
    </ClCompile>
    <ClCompile Include="greedyfibfrog.cpp">
      <Filter>Source Files</Filter>
    </ClCompile>
    <ClCompile Include="fibfrog.cpp">
      <Filter>Source Files</Filter>
    </ClCompile>
    <ClCompile Include="nailingPlanks.cpp">
      <Filter>Source Files</Filter>
    </ClCompile>
    <ClCompile Include="minMaxDivision.cpp">
      <Filter>Source Files</Filter>
    </ClCompile>
    <ClCompile Include="absDistinct.cpp">
      <Filter>Source Files</Filter>
    </ClCompile>
    <ClCompile Include="countDistinctSlices.cpp">
      <Filter>Source Files</Filter>
    </ClCompile>
    <ClCompile Include="countTriangles.cpp">
      <Filter>Source Files</Filter>
    </ClCompile>
    <ClCompile Include="minAbsSumOfTwo.cpp">
      <Filter>Source Files</Filter>
    </ClCompile>
    <ClCompile Include="tieRopes.cpp">
      <Filter>Source Files</Filter>
    </ClCompile>
    <ClCompile Include="maxNonoverlappingSegments.cpp">
      <Filter>Source Files</Filter>
    </ClCompile>
    <ClCompile Include="numberSolitaire.cpp">
      <Filter>Source Files</Filter>
    </ClCompile>
    <ClCompile Include="minAbsSum.cpp">
      <Filter>Source Files</Filter>
    </ClCompile>
    <ClCompile Include="dwarfRafting.cpp">
      <Filter>Source Files</Filter>
    </ClCompile>
    <ClCompile Include="rectangleBuilderGreaterArea.cpp">
      <Filter>Source Files</Filter>
    </ClCompile>
    <ClCompile Include="longestPassword.cpp">
      <Filter>Source Files</Filter>
    </ClCompile>
    <ClCompile Include="floodDepth.cpp">
      <Filter>Source Files</Filter>
    </ClCompile>
    <ClCompile Include="tennisTournament.cpp">
      <Filter>Source Files</Filter>
    </ClCompile>
    <ClCompile Include="socksLaundering.cpp">
      <Filter>Source Files</Filter>
    </ClCompile>
    <ClCompile Include="mergeSort.cpp">
      <Filter>Source Files</Filter>
    </ClCompile>
    <ClCompile Include="quickSort.cpp">
      <Filter>Source Files</Filter>
    </ClCompile>
    <ClCompile Include="heapSort.cpp">
      <Filter>Source Files</Filter>
    </ClCompile>
    <ClCompile Include="TowerOfHanoi.cpp">
      <Filter>Source Files</Filter>
    </ClCompile>
    <ClCompile Include="Dijkstra.cpp">
      <Filter>Source Files</Filter>
    </ClCompile>
    <ClCompile Include="AStar.cpp">
      <Filter>Source Files</Filter>
    </ClCompile>
    <ClCompile Include="BinaryMinHeap.cpp">
      <Filter>Source Files</Filter>
    </ClCompile>
    <ClCompile Include="BinaryMaxHeap.cpp">
      <Filter>Source Files</Filter>
    </ClCompile>
    <ClCompile Include="PriorityQueue.cpp">
      <Filter>Source Files</Filter>
    </ClCompile>
    <ClCompile Include="GraphSearch.cpp">
      <Filter>Source Files</Filter>
    </ClCompile>
    <ClCompile Include="testingGrounds.cpp">
      <Filter>Source Files</Filter>
    </ClCompile>
  </ItemGroup>
  <ItemGroup>
    <ClInclude Include="BinaryMinHeap.h">
      <Filter>Header Files</Filter>
    </ClInclude>
    <ClInclude Include="BinaryMaxHeap.h">
      <Filter>Header Files</Filter>
    </ClInclude>
    <ClInclude Include="PriorityQueue.h">
      <Filter>Header Files</Filter>
    </ClInclude>
    <ClInclude Include="linkedList.h">
      <Filter>Header Files</Filter>
    </ClInclude>
  </ItemGroup>
</Project>